
Microsoft Visual Studio Solution File, Format Version 12.00
# Visual Studio Version 16
VisualStudioVersion = 16.0.32602.291
MinimumVisualStudioVersion = 10.0.40219.1
Project("{FAE04EC0-301F-11D3-BF4B-00C04F79EFBC}") = "FinalTask", "FinalTask.csproj", "{2AD47E78-1177-4BEB-9763-350811D86923}"
EndProject
Global
	GlobalSection(SolutionConfigurationPlatforms) = preSolution
		Debug|Any CPU = Debug|Any CPU
		Release|Any CPU = Release|Any CPU
	EndGlobalSection
	GlobalSection(ProjectConfigurationPlatforms) = postSolution
		{2AD47E78-1177-4BEB-9763-350811D86923}.Debug|Any CPU.ActiveCfg = Debug|Any CPU
		{2AD47E78-1177-4BEB-9763-350811D86923}.Debug|Any CPU.Build.0 = Debug|Any CPU
		{2AD47E78-1177-4BEB-9763-350811D86923}.Release|Any CPU.ActiveCfg = Release|Any CPU
		{2AD47E78-1177-4BEB-9763-350811D86923}.Release|Any CPU.Build.0 = Release|Any CPU
	EndGlobalSection
	GlobalSection(SolutionProperties) = preSolution
		HideSolutionNode = FALSE
	EndGlobalSection
	GlobalSection(ExtensibilityGlobals) = postSolution
		SolutionGuid = {1F0C7F55-88AA-4E37-B6E4-8EC86AEA2D2C}
	EndGlobalSection
EndGlobal
